
Microsoft Visual Studio Solution File, Format Version 12.00
# Visual Studio 15
VisualStudioVersion = 15.0.27428.2005
MinimumVisualStudioVersion = 10.0.40219.1
Project("{DA7A21FA-8162-4350-AD77-A8D1B671F3ED}") = "Movies", "Movies\Movies.rxproj", "{671C6CA4-FF30-4FC4-80F3-1383078E45E2}"
EndProject
Global
	GlobalSection(SolutionConfigurationPlatforms) = preSolution
		Debug|Any CPU = Debug|Any CPU
		Release|Any CPU = Release|Any CPU
	EndGlobalSection
	GlobalSection(ProjectConfigurationPlatforms) = postSolution
		{671C6CA4-FF30-4FC4-80F3-1383078E45E2}.Debug|Any CPU.ActiveCfg = Debug|Any CPU
		{671C6CA4-FF30-4FC4-80F3-1383078E45E2}.Debug|Any CPU.Build.0 = Debug|Any CPU
		{671C6CA4-FF30-4FC4-80F3-1383078E45E2}.Release|Any CPU.ActiveCfg = Release|Any CPU
		{671C6CA4-FF30-4FC4-80F3-1383078E45E2}.Release|Any CPU.Build.0 = Release|Any CPU
	EndGlobalSection
	GlobalSection(SolutionProperties) = preSolution
		HideSolutionNode = FALSE
	EndGlobalSection
	GlobalSection(ExtensibilityGlobals) = postSolution
		SolutionGuid = {F04B2F25-2914-4E29-9E97-6A1214F3EDEB}
	EndGlobalSection
EndGlobal
